{
    "version": 3,
    "terraform_version": "0.11.7",
    "serial": 2,
    "lineage": "d1ca2b2e-135c-68ef-7684-72b7f00ca083",
    "modules": [
        {
            "path": [
                "root"
            ],
            "outputs": {},
            "resources": {
                "aws_instance.example": {
                    "type": "aws_instance",
                    "depends_on": [],
                    "primary": {
                        "id": "i-06b7b6045fc5b4fcd",
                        "attributes": {
                            "ami": "ami-60a26a02",
                            "associate_public_ip_address": "true",
                            "availability_zone": "ap-southeast-2a",
                            "credit_specification.#": "1",
                            "credit_specification.0.cpu_credits": "standard",
                            "disable_api_termination": "false",
                            "ebs_block_device.#": "0",
                            "ebs_optimized": "false",
                            "ephemeral_block_device.#": "0",
                            "get_password_data": "false",
                            "iam_instance_profile": "",
                            "id": "i-06b7b6045fc5b4fcd",
                            "instance_state": "running",
                            "instance_type": "t2.micro",
                            "ipv6_addresses.#": "0",
                            "key_name": "",
                            "monitoring": "false",
                            "network_interface.#": "0",
                            "network_interface_id": "eni-f22034d8",
                            "password_data": "",
                            "placement_group": "",
                            "primary_network_interface_id": "eni-f22034d8",
                            "private_dns": "ip-172-31-4-234.ap-southeast-2.compute.internal",
                            "private_ip": "172.31.4.234",
                            "public_dns": "ec2-13-210-73-13.ap-southeast-2.compute.amazonaws.com",
                            "public_ip": "13.210.73.13",
                            "root_block_device.#": "1",
                            "root_block_device.0.delete_on_termination": "true",
                            "root_block_device.0.iops": "100",
                            "root_block_device.0.volume_id": "vol-0f66e2fb968a66165",
                            "root_block_device.0.volume_size": "8",
                            "root_block_device.0.volume_type": "gp2",
                            "security_groups.#": "1",
                            "security_groups.3814588639": "default",
                            "source_dest_check": "true",
                            "subnet_id": "subnet-952229f7",
                            "tags.%": "0",
                            "tenancy": "default",
                            "volume_tags.%": "0",
                            "vpc_security_group_ids.#": "1",
                            "vpc_security_group_ids.394268136": "sg-3afdea58"
                        },
                        "meta": {
                            "e2bfb730-ecaa-11e6-8f88-34363bc7c4c0": {
                                "create": 600000000000,
                                "delete": 1200000000000,
                                "update": 600000000000
                            },
                            "schema_version": "1"
                        },
                        "tainted": false
                    },
                    "deposed": [],
                    "provider": "provider.aws"
                }
            },
            "depends_on": []
        }
    ]
}
